// !$*UTF8*$!
{
	archiveVersion = 1;
	classes = {
	};
	objectVersion = 56;
	objects = {

/* Begin PBXBuildFile section */
		D8D7D74E2AD87614008957BB /* FigmaSearchApp.swift in Sources */ = {isa = PBXBuildFile; fileRef = D8D7D74D2AD87614008957BB /* FigmaSearchApp.swift */; };
		D8D7D7502AD87614008957BB /* ContentView.swift in Sources */ = {isa = PBXBuildFile; fileRef = D8D7D74F2AD87614008957BB /* ContentView.swift */; };
		D8D7D7522AD87615008957BB /* Assets.xcassets in Resources */ = {isa = PBXBuildFile; fileRef = D8D7D7512AD87615008957BB /* Assets.xcassets */; };
		D8D7D7552AD87615008957BB /* Preview Assets.xcassets in Resources */ = {isa = PBXBuildFile; fileRef = D8D7D7542AD87615008957BB /* Preview Assets.xcassets */; };
		D8D7D7792AD878D6008957BB /* ImageResult.swift in Sources */ = {isa = PBXBuildFile; fileRef = D8D7D7782AD878D6008957BB /* ImageResult.swift */; };
		D8D7D77B2AD8790A008957BB /* SearchResult.swift in Sources */ = {isa = PBXBuildFile; fileRef = D8D7D77A2AD8790A008957BB /* SearchResult.swift */; };
		D8D7D77D2AD8795E008957BB /* SearchResultSuccess.json in Resources */ = {isa = PBXBuildFile; fileRef = D8D7D77C2AD8795E008957BB /* SearchResultSuccess.json */; };
		D8D7D7812AD87975008957BB /* SearchResultTests.swift in Sources */ = {isa = PBXBuildFile; fileRef = D8D7D7802AD87975008957BB /* SearchResultTests.swift */; };
		D8D7D7842AD879B1008957BB /* Resources.swift in Sources */ = {isa = PBXBuildFile; fileRef = D8D7D7832AD879B1008957BB /* Resources.swift */; };
		D8D7D7862AD87C1D008957BB /* Resources+Models.swift in Sources */ = {isa = PBXBuildFile; fileRef = D8D7D7852AD87C1D008957BB /* Resources+Models.swift */; };
		D8D7D7892AD88166008957BB /* ImageResultSuccess.json in Resources */ = {isa = PBXBuildFile; fileRef = D8D7D7872AD88150008957BB /* ImageResultSuccess.json */; };
		D8D7D78B2AD88175008957BB /* ImageResultTests.swift in Sources */ = {isa = PBXBuildFile; fileRef = D8D7D78A2AD88175008957BB /* ImageResultTests.swift */; };
/* End PBXBuildFile section */

/* Begin PBXContainerItemProxy section */
		D8D7D75B2AD87615008957BB /* PBXContainerItemProxy */ = {
			isa = PBXContainerItemProxy;
			containerPortal = D8D7D7422AD87614008957BB /* Project object */;
			proxyType = 1;
			remoteGlobalIDString = D8D7D7492AD87614008957BB;
			remoteInfo = FigmaSearch;
		};
/* End PBXContainerItemProxy section */

/* Begin PBXFileReference section */
		D8D7D74A2AD87614008957BB /* FigmaSearch.app */ = {isa = PBXFileReference; explicitFileType = wrapper.application; includeInIndex = 0; path = FigmaSearch.app; sourceTree = BUILT_PRODUCTS_DIR; };
		D8D7D74D2AD87614008957BB /* FigmaSearchApp.swift */ = {isa = PBXFileReference; lastKnownFileType = sourcecode.swift; path = FigmaSearchApp.swift; sourceTree = "<group>"; };
		D8D7D74F2AD87614008957BB /* ContentView.swift */ = {isa = PBXFileReference; lastKnownFileType = sourcecode.swift; path = ContentView.swift; sourceTree = "<group>"; };
		D8D7D7512AD87615008957BB /* Assets.xcassets */ = {isa = PBXFileReference; lastKnownFileType = folder.assetcatalog; path = Assets.xcassets; sourceTree = "<group>"; };
		D8D7D7542AD87615008957BB /* Preview Assets.xcassets */ = {isa = PBXFileReference; lastKnownFileType = folder.assetcatalog; path = "Preview Assets.xcassets"; sourceTree = "<group>"; };
		D8D7D75A2AD87615008957BB /* FigmaSearchTests.xctest */ = {isa = PBXFileReference; explicitFileType = wrapper.cfbundle; includeInIndex = 0; path = FigmaSearchTests.xctest; sourceTree = BUILT_PRODUCTS_DIR; };
		D8D7D7782AD878D6008957BB /* ImageResult.swift */ = {isa = PBXFileReference; lastKnownFileType = sourcecode.swift; path = ImageResult.swift; sourceTree = "<group>"; };
		D8D7D77A2AD8790A008957BB /* SearchResult.swift */ = {isa = PBXFileReference; lastKnownFileType = sourcecode.swift; path = SearchResult.swift; sourceTree = "<group>"; };
		D8D7D77C2AD8795E008957BB /* SearchResultSuccess.json */ = {isa = PBXFileReference; lastKnownFileType = text.json; path = SearchResultSuccess.json; sourceTree = "<group>"; };
		D8D7D7802AD87975008957BB /* SearchResultTests.swift */ = {isa = PBXFileReference; lastKnownFileType = sourcecode.swift; path = SearchResultTests.swift; sourceTree = "<group>"; };
		D8D7D7832AD879B1008957BB /* Resources.swift */ = {isa = PBXFileReference; lastKnownFileType = sourcecode.swift; path = Resources.swift; sourceTree = "<group>"; };
		D8D7D7852AD87C1D008957BB /* Resources+Models.swift */ = {isa = PBXFileReference; lastKnownFileType = sourcecode.swift; path = "Resources+Models.swift"; sourceTree = "<group>"; };
		D8D7D7872AD88150008957BB /* ImageResultSuccess.json */ = {isa = PBXFileReference; lastKnownFileType = text.json; path = ImageResultSuccess.json; sourceTree = "<group>"; };
		D8D7D78A2AD88175008957BB /* ImageResultTests.swift */ = {isa = PBXFileReference; lastKnownFileType = sourcecode.swift; path = ImageResultTests.swift; sourceTree = "<group>"; };
/* End PBXFileReference section */

/* Begin PBXFrameworksBuildPhase section */
		D8D7D7472AD87614008957BB /* Frameworks */ = {
			isa = PBXFrameworksBuildPhase;
			buildActionMask = 2147483647;
			files = (
			);
			runOnlyForDeploymentPostprocessing = 0;
		};
		D8D7D7572AD87615008957BB /* Frameworks */ = {
			isa = PBXFrameworksBuildPhase;
			buildActionMask = 2147483647;
			files = (
			);
			runOnlyForDeploymentPostprocessing = 0;
		};
/* End PBXFrameworksBuildPhase section */

/* Begin PBXGroup section */
		D8D7D7412AD87614008957BB = {
			isa = PBXGroup;
			children = (
				D8D7D74C2AD87614008957BB /* FigmaSearch */,
				D8D7D75D2AD87615008957BB /* FigmaSearchTests */,
				D8D7D74B2AD87614008957BB /* Products */,
			);
			sourceTree = "<group>";
		};
		D8D7D74B2AD87614008957BB /* Products */ = {
			isa = PBXGroup;
			children = (
				D8D7D74A2AD87614008957BB /* FigmaSearch.app */,
				D8D7D75A2AD87615008957BB /* FigmaSearchTests.xctest */,
			);
			name = Products;
			sourceTree = "<group>";
		};
		D8D7D74C2AD87614008957BB /* FigmaSearch */ = {
			isa = PBXGroup;
			children = (
				D8D7D7772AD878C6008957BB /* Models */,
				D8D7D74D2AD87614008957BB /* FigmaSearchApp.swift */,
				D8D7D74F2AD87614008957BB /* ContentView.swift */,
				D8D7D7512AD87615008957BB /* Assets.xcassets */,
				D8D7D7532AD87615008957BB /* Preview Content */,
			);
			path = FigmaSearch;
			sourceTree = "<group>";
		};
		D8D7D7532AD87615008957BB /* Preview Content */ = {
			isa = PBXGroup;
			children = (
				D8D7D7542AD87615008957BB /* Preview Assets.xcassets */,
			);
			path = "Preview Content";
			sourceTree = "<group>";
		};
		D8D7D75D2AD87615008957BB /* FigmaSearchTests */ = {
			isa = PBXGroup;
			children = (
				D8D7D7822AD879A8008957BB /* TestHelpers */,
				D8D7D77E2AD87965008957BB /* Models */,
			);
			path = FigmaSearchTests;
			sourceTree = "<group>";
		};
		D8D7D7772AD878C6008957BB /* Models */ = {
			isa = PBXGroup;
			children = (
				D8D7D7782AD878D6008957BB /* ImageResult.swift */,
				D8D7D77A2AD8790A008957BB /* SearchResult.swift */,
			);
			path = Models;
			sourceTree = "<group>";
		};
		D8D7D77E2AD87965008957BB /* Models */ = {
			isa = PBXGroup;
			children = (
				D8D7D77F2AD8796A008957BB /* Fixtures */,
				D8D7D78A2AD88175008957BB /* ImageResultTests.swift */,
				D8D7D7802AD87975008957BB /* SearchResultTests.swift */,
			);
			path = Models;
			sourceTree = "<group>";
		};
		D8D7D77F2AD8796A008957BB /* Fixtures */ = {
			isa = PBXGroup;
			children = (
				D8D7D7852AD87C1D008957BB /* Resources+Models.swift */,
				D8D7D77C2AD8795E008957BB /* SearchResultSuccess.json */,
				D8D7D7872AD88150008957BB /* ImageResultSuccess.json */,
			);
			path = Fixtures;
			sourceTree = "<group>";
		};
		D8D7D7822AD879A8008957BB /* TestHelpers */ = {
			isa = PBXGroup;
			children = (
				D8D7D7832AD879B1008957BB /* Resources.swift */,
			);
			path = TestHelpers;
			sourceTree = "<group>";
		};
/* End PBXGroup section */

/* Begin PBXNativeTarget section */
		D8D7D7492AD87614008957BB /* FigmaSearch */ = {
			isa = PBXNativeTarget;
			buildConfigurationList = D8D7D76E2AD87615008957BB /* Build configuration list for PBXNativeTarget "FigmaSearch" */;
			buildPhases = (
				D8D7D7462AD87614008957BB /* Sources */,
				D8D7D7472AD87614008957BB /* Frameworks */,
				D8D7D7482AD87614008957BB /* Resources */,
			);
			buildRules = (
			);
			dependencies = (
			);
			name = FigmaSearch;
			productName = FigmaSearch;
			productReference = D8D7D74A2AD87614008957BB /* FigmaSearch.app */;
			productType = "com.apple.product-type.application";
		};
		D8D7D7592AD87615008957BB /* FigmaSearchTests */ = {
			isa = PBXNativeTarget;
			buildConfigurationList = D8D7D7712AD87615008957BB /* Build configuration list for PBXNativeTarget "FigmaSearchTests" */;
			buildPhases = (
				D8D7D7562AD87615008957BB /* Sources */,
				D8D7D7572AD87615008957BB /* Frameworks */,
				D8D7D7582AD87615008957BB /* Resources */,
			);
			buildRules = (
			);
			dependencies = (
				D8D7D75C2AD87615008957BB /* PBXTargetDependency */,
			);
			name = FigmaSearchTests;
			productName = FigmaSearchTests;
			productReference = D8D7D75A2AD87615008957BB /* FigmaSearchTests.xctest */;
			productType = "com.apple.product-type.bundle.unit-test";
		};
/* End PBXNativeTarget section */

/* Begin PBXProject section */
		D8D7D7422AD87614008957BB /* Project object */ = {
			isa = PBXProject;
			attributes = {
				BuildIndependentTargetsInParallel = 1;
				LastSwiftUpdateCheck = 1430;
				LastUpgradeCheck = 1430;
				TargetAttributes = {
					D8D7D7492AD87614008957BB = {
						CreatedOnToolsVersion = 14.3.1;
					};
					D8D7D7592AD87615008957BB = {
						CreatedOnToolsVersion = 14.3.1;
						TestTargetID = D8D7D7492AD87614008957BB;
					};
				};
			};
			buildConfigurationList = D8D7D7452AD87614008957BB /* Build configuration list for PBXProject "FigmaSearch" */;
			compatibilityVersion = "Xcode 14.0";
			developmentRegion = en;
			hasScannedForEncodings = 0;
			knownRegions = (
				en,
				Base,
			);
			mainGroup = D8D7D7412AD87614008957BB;
			productRefGroup = D8D7D74B2AD87614008957BB /* Products */;
			projectDirPath = "";
			projectRoot = "";
			targets = (
				D8D7D7492AD87614008957BB /* FigmaSearch */,
				D8D7D7592AD87615008957BB /* FigmaSearchTests */,
			);
		};
/* End PBXProject section */

/* Begin PBXResourcesBuildPhase section */
		D8D7D7482AD87614008957BB /* Resources */ = {
			isa = PBXResourcesBuildPhase;
			buildActionMask = 2147483647;
			files = (
				D8D7D7552AD87615008957BB /* Preview Assets.xcassets in Resources */,
				D8D7D7522AD87615008957BB /* Assets.xcassets in Resources */,
			);
			runOnlyForDeploymentPostprocessing = 0;
		};
		D8D7D7582AD87615008957BB /* Resources */ = {
			isa = PBXResourcesBuildPhase;
			buildActionMask = 2147483647;
			files = (
				D8D7D7892AD88166008957BB /* ImageResultSuccess.json in Resources */,
				D8D7D77D2AD8795E008957BB /* SearchResultSuccess.json in Resources */,
			);
			runOnlyForDeploymentPostprocessing = 0;
		};
/* End PBXResourcesBuildPhase section */

/* Begin PBXSourcesBuildPhase section */
		D8D7D7462AD87614008957BB /* Sources */ = {
			isa = PBXSourcesBuildPhase;
			buildActionMask = 2147483647;
			files = (
				D8D7D7502AD87614008957BB /* ContentView.swift in Sources */,
				D8D7D7792AD878D6008957BB /* ImageResult.swift in Sources */,
				D8D7D77B2AD8790A008957BB /* SearchResult.swift in Sources */,
				D8D7D74E2AD87614008957BB /* FigmaSearchApp.swift in Sources */,
			);
			runOnlyForDeploymentPostprocessing = 0;
		};
		D8D7D7562AD87615008957BB /* Sources */ = {
			isa = PBXSourcesBuildPhase;
			buildActionMask = 2147483647;
			files = (
				D8D7D7812AD87975008957BB /* SearchResultTests.swift in Sources */,
				D8D7D7862AD87C1D008957BB /* Resources+Models.swift in Sources */,
				D8D7D78B2AD88175008957BB /* ImageResultTests.swift in Sources */,
				D8D7D7842AD879B1008957BB /* Resources.swift in Sources */,
			);
			runOnlyForDeploymentPostprocessing = 0;
		};
/* End PBXSourcesBuildPhase section */

/* Begin PBXTargetDependency section */
		D8D7D75C2AD87615008957BB /* PBXTargetDependency */ = {
			isa = PBXTargetDependency;
			target = D8D7D7492AD87614008957BB /* FigmaSearch */;
			targetProxy = D8D7D75B2AD87615008957BB /* PBXContainerItemProxy */;
		};
/* End PBXTargetDependency section */

/* Begin XCBuildConfiguration section */
		D8D7D76C2AD87615008957BB /* Debug */ = {
			isa = XCBuildConfiguration;
			buildSettings = {
				ALWAYS_SEARCH_USER_PATHS = NO;
				CLANG_ANALYZER_NONNULL = YES;
				CLANG_ANALYZER_NUMBER_OBJECT_CONVERSION = YES_AGGRESSIVE;
				CLANG_CXX_LANGUAGE_STANDARD = "gnu++20";
				CLANG_ENABLE_MODULES = YES;
				CLANG_ENABLE_OBJC_ARC = YES;
				CLANG_ENABLE_OBJC_WEAK = YES;
				CLANG_WARN_BLOCK_CAPTURE_AUTORELEASING = YES;
				CLANG_WARN_BOOL_CONVERSION = YES;
				CLANG_WARN_COMMA = YES;
				CLANG_WARN_CONSTANT_CONVERSION = YES;
				CLANG_WARN_DEPRECATED_OBJC_IMPLEMENTATIONS = YES;
				CLANG_WARN_DIRECT_OBJC_ISA_USAGE = YES_ERROR;
				CLANG_WARN_DOCUMENTATION_COMMENTS = YES;
				CLANG_WARN_EMPTY_BODY = YES;
				CLANG_WARN_ENUM_CONVERSION = YES;
				CLANG_WARN_INFINITE_RECURSION = YES;
				CLANG_WARN_INT_CONVERSION = YES;
				CLANG_WARN_NON_LITERAL_NULL_CONVERSION = YES;
				CLANG_WARN_OBJC_IMPLICIT_RETAIN_SELF = YES;
				CLANG_WARN_OBJC_LITERAL_CONVERSION = YES;
				CLANG_WARN_OBJC_ROOT_CLASS = YES_ERROR;
				CLANG_WARN_QUOTED_INCLUDE_IN_FRAMEWORK_HEADER = YES;
				CLANG_WARN_RANGE_LOOP_ANALYSIS = YES;
				CLANG_WARN_STRICT_PROTOTYPES = YES;
				CLANG_WARN_SUSPICIOUS_MOVE = YES;
				CLANG_WARN_UNGUARDED_AVAILABILITY = YES_AGGRESSIVE;
				CLANG_WARN_UNREACHABLE_CODE = YES;
				CLANG_WARN__DUPLICATE_METHOD_MATCH = YES;
				COPY_PHASE_STRIP = NO;
				DEBUG_INFORMATION_FORMAT = dwarf;
				ENABLE_STRICT_OBJC_MSGSEND = YES;
				ENABLE_TESTABILITY = YES;
				GCC_C_LANGUAGE_STANDARD = gnu11;
				GCC_DYNAMIC_NO_PIC = NO;
				GCC_NO_COMMON_BLOCKS = YES;
				GCC_OPTIMIZATION_LEVEL = 0;
				GCC_PREPROCESSOR_DEFINITIONS = (
					"DEBUG=1",
					"$(inherited)",
				);
				GCC_WARN_64_TO_32_BIT_CONVERSION = YES;
				GCC_WARN_ABOUT_RETURN_TYPE = YES_ERROR;
				GCC_WARN_UNDECLARED_SELECTOR = YES;
				GCC_WARN_UNINITIALIZED_AUTOS = YES_AGGRESSIVE;
				GCC_WARN_UNUSED_FUNCTION = YES;
				GCC_WARN_UNUSED_VARIABLE = YES;
				IPHONEOS_DEPLOYMENT_TARGET = 16.4;
				MTL_ENABLE_DEBUG_INFO = INCLUDE_SOURCE;
				MTL_FAST_MATH = YES;
				ONLY_ACTIVE_ARCH = YES;
				SDKROOT = iphoneos;
				SWIFT_ACTIVE_COMPILATION_CONDITIONS = DEBUG;
				SWIFT_OPTIMIZATION_LEVEL = "-Onone";
			};
			name = Debug;
		};
		D8D7D76D2AD87615008957BB /* Release */ = {
			isa = XCBuildConfiguration;
			buildSettings = {
				ALWAYS_SEARCH_USER_PATHS = NO;
				CLANG_ANALYZER_NONNULL = YES;
				CLANG_ANALYZER_NUMBER_OBJECT_CONVERSION = YES_AGGRESSIVE;
				CLANG_CXX_LANGUAGE_STANDARD = "gnu++20";
				CLANG_ENABLE_MODULES = YES;
				CLANG_ENABLE_OBJC_ARC = YES;
				CLANG_ENABLE_OBJC_WEAK = YES;
				CLANG_WARN_BLOCK_CAPTURE_AUTORELEASING = YES;
				CLANG_WARN_BOOL_CONVERSION = YES;
				CLANG_WARN_COMMA = YES;
				CLANG_WARN_CONSTANT_CONVERSION = YES;
				CLANG_WARN_DEPRECATED_OBJC_IMPLEMENTATIONS = YES;
				CLANG_WARN_DIRECT_OBJC_ISA_USAGE = YES_ERROR;
				CLANG_WARN_DOCUMENTATION_COMMENTS = YES;
				CLANG_WARN_EMPTY_BODY = YES;
				CLANG_WARN_ENUM_CONVERSION = YES;
				CLANG_WARN_INFINITE_RECURSION = YES;
				CLANG_WARN_INT_CONVERSION = YES;
				CLANG_WARN_NON_LITERAL_NULL_CONVERSION = YES;
				CLANG_WARN_OBJC_IMPLICIT_RETAIN_SELF = YES;
				CLANG_WARN_OBJC_LITERAL_CONVERSION = YES;
				CLANG_WARN_OBJC_ROOT_CLASS = YES_ERROR;
				CLANG_WARN_QUOTED_INCLUDE_IN_FRAMEWORK_HEADER = YES;
				CLANG_WARN_RANGE_LOOP_ANALYSIS = YES;
				CLANG_WARN_STRICT_PROTOTYPES = YES;
				CLANG_WARN_SUSPICIOUS_MOVE = YES;
				CLANG_WARN_UNGUARDED_AVAILABILITY = YES_AGGRESSIVE;
				CLANG_WARN_UNREACHABLE_CODE = YES;
				CLANG_WARN__DUPLICATE_METHOD_MATCH = YES;
				COPY_PHASE_STRIP = NO;
				DEBUG_INFORMATION_FORMAT = "dwarf-with-dsym";
				ENABLE_NS_ASSERTIONS = NO;
				ENABLE_STRICT_OBJC_MSGSEND = YES;
				GCC_C_LANGUAGE_STANDARD = gnu11;
				GCC_NO_COMMON_BLOCKS = YES;
				GCC_WARN_64_TO_32_BIT_CONVERSION = YES;
				GCC_WARN_ABOUT_RETURN_TYPE = YES_ERROR;
				GCC_WARN_UNDECLARED_SELECTOR = YES;
				GCC_WARN_UNINITIALIZED_AUTOS = YES_AGGRESSIVE;
				GCC_WARN_UNUSED_FUNCTION = YES;
				GCC_WARN_UNUSED_VARIABLE = YES;
				IPHONEOS_DEPLOYMENT_TARGET = 16.4;
				MTL_ENABLE_DEBUG_INFO = NO;
				MTL_FAST_MATH = YES;
				SDKROOT = iphoneos;
				SWIFT_COMPILATION_MODE = wholemodule;
				SWIFT_OPTIMIZATION_LEVEL = "-O";
				VALIDATE_PRODUCT = YES;
			};
			name = Release;
		};
		D8D7D76F2AD87615008957BB /* Debug */ = {
			isa = XCBuildConfiguration;
			buildSettings = {
				ASSETCATALOG_COMPILER_APPICON_NAME = AppIcon;
				ASSETCATALOG_COMPILER_GLOBAL_ACCENT_COLOR_NAME = AccentColor;
				CODE_SIGN_STYLE = Automatic;
				CURRENT_PROJECT_VERSION = 1;
				DEVELOPMENT_ASSET_PATHS = "\"FigmaSearch/Preview Content\"";
				ENABLE_PREVIEWS = YES;
				GENERATE_INFOPLIST_FILE = YES;
				INFOPLIST_KEY_UIApplicationSceneManifest_Generation = YES;
				INFOPLIST_KEY_UIApplicationSupportsIndirectInputEvents = YES;
				INFOPLIST_KEY_UILaunchScreen_Generation = YES;
				INFOPLIST_KEY_UISupportedInterfaceOrientations_iPad = "UIInterfaceOrientationPortrait UIInterfaceOrientationPortraitUpsideDown UIInterfaceOrientationLandscapeLeft UIInterfaceOrientationLandscapeRight";
				INFOPLIST_KEY_UISupportedInterfaceOrientations_iPhone = "UIInterfaceOrientationPortrait UIInterfaceOrientationLandscapeLeft UIInterfaceOrientationLandscapeRight";
				LD_RUNPATH_SEARCH_PATHS = (
					"$(inherited)",
					"@executable_path/Frameworks",
				);
				MARKETING_VERSION = 1.0;
				PRODUCT_BUNDLE_IDENTIFIER = com.livefront.FigmaSearch;
				PRODUCT_NAME = "$(TARGET_NAME)";
				SWIFT_EMIT_LOC_STRINGS = YES;
				SWIFT_VERSION = 5.0;
				TARGETED_DEVICE_FAMILY = "1,2";
			};
			name = Debug;
		};
		D8D7D7702AD87615008957BB /* Release */ = {
			isa = XCBuildConfiguration;
			buildSettings = {
				ASSETCATALOG_COMPILER_APPICON_NAME = AppIcon;
				ASSETCATALOG_COMPILER_GLOBAL_ACCENT_COLOR_NAME = AccentColor;
				CODE_SIGN_STYLE = Automatic;
				CURRENT_PROJECT_VERSION = 1;
				DEVELOPMENT_ASSET_PATHS = "\"FigmaSearch/Preview Content\"";
				ENABLE_PREVIEWS = YES;
				GENERATE_INFOPLIST_FILE = YES;
				INFOPLIST_KEY_UIApplicationSceneManifest_Generation = YES;
				INFOPLIST_KEY_UIApplicationSupportsIndirectInputEvents = YES;
				INFOPLIST_KEY_UILaunchScreen_Generation = YES;
				INFOPLIST_KEY_UISupportedInterfaceOrientations_iPad = "UIInterfaceOrientationPortrait UIInterfaceOrientationPortraitUpsideDown UIInterfaceOrientationLandscapeLeft UIInterfaceOrientationLandscapeRight";
				INFOPLIST_KEY_UISupportedInterfaceOrientations_iPhone = "UIInterfaceOrientationPortrait UIInterfaceOrientationLandscapeLeft UIInterfaceOrientationLandscapeRight";
				LD_RUNPATH_SEARCH_PATHS = (
					"$(inherited)",
					"@executable_path/Frameworks",
				);
				MARKETING_VERSION = 1.0;
				PRODUCT_BUNDLE_IDENTIFIER = com.livefront.FigmaSearch;
				PRODUCT_NAME = "$(TARGET_NAME)";
				SWIFT_EMIT_LOC_STRINGS = YES;
				SWIFT_VERSION = 5.0;
				TARGETED_DEVICE_FAMILY = "1,2";
			};
			name = Release;
		};
		D8D7D7722AD87615008957BB /* Debug */ = {
			isa = XCBuildConfiguration;
			buildSettings = {
				ALWAYS_EMBED_SWIFT_STANDARD_LIBRARIES = YES;
				BUNDLE_LOADER = "$(TEST_HOST)";
				CODE_SIGN_STYLE = Automatic;
				CURRENT_PROJECT_VERSION = 1;
				GENERATE_INFOPLIST_FILE = YES;
				IPHONEOS_DEPLOYMENT_TARGET = 16.4;
				MARKETING_VERSION = 1.0;
				PRODUCT_BUNDLE_IDENTIFIER = com.livefront.FigmaSearchTests;
				PRODUCT_NAME = "$(TARGET_NAME)";
				SUPPORTED_PLATFORMS = "iphoneos iphonesimulator";
				SUPPORTS_MACCATALYST = NO;
				SUPPORTS_MAC_DESIGNED_FOR_IPHONE_IPAD = NO;
				SWIFT_EMIT_LOC_STRINGS = NO;
				SWIFT_VERSION = 5.0;
				TARGETED_DEVICE_FAMILY = "1,2";
				TEST_HOST = "$(BUILT_PRODUCTS_DIR)/FigmaSearch.app/$(BUNDLE_EXECUTABLE_FOLDER_PATH)/FigmaSearch";
			};
			name = Debug;
		};
		D8D7D7732AD87615008957BB /* Release */ = {
			isa = XCBuildConfiguration;
			buildSettings = {
				ALWAYS_EMBED_SWIFT_STANDARD_LIBRARIES = YES;
				BUNDLE_LOADER = "$(TEST_HOST)";
				CODE_SIGN_STYLE = Automatic;
				CURRENT_PROJECT_VERSION = 1;
				GENERATE_INFOPLIST_FILE = YES;
				IPHONEOS_DEPLOYMENT_TARGET = 16.4;
				MARKETING_VERSION = 1.0;
				PRODUCT_BUNDLE_IDENTIFIER = com.livefront.FigmaSearchTests;
				PRODUCT_NAME = "$(TARGET_NAME)";
				SUPPORTED_PLATFORMS = "iphoneos iphonesimulator";
				SUPPORTS_MACCATALYST = NO;
				SUPPORTS_MAC_DESIGNED_FOR_IPHONE_IPAD = NO;
				SWIFT_EMIT_LOC_STRINGS = NO;
				SWIFT_VERSION = 5.0;
				TARGETED_DEVICE_FAMILY = "1,2";
				TEST_HOST = "$(BUILT_PRODUCTS_DIR)/FigmaSearch.app/$(BUNDLE_EXECUTABLE_FOLDER_PATH)/FigmaSearch";
			};
			name = Release;
		};
/* End XCBuildConfiguration section */

/* Begin XCConfigurationList section */
		D8D7D7452AD87614008957BB /* Build configuration list for PBXProject "FigmaSearch" */ = {
			isa = XCConfigurationList;
			buildConfigurations = (
				D8D7D76C2AD87615008957BB /* Debug */,
				D8D7D76D2AD87615008957BB /* Release */,
			);
			defaultConfigurationIsVisible = 0;
			defaultConfigurationName = Release;
		};
		D8D7D76E2AD87615008957BB /* Build configuration list for PBXNativeTarget "FigmaSearch" */ = {
			isa = XCConfigurationList;
			buildConfigurations = (
				D8D7D76F2AD87615008957BB /* Debug */,
				D8D7D7702AD87615008957BB /* Release */,
			);
			defaultConfigurationIsVisible = 0;
			defaultConfigurationName = Release;
		};
		D8D7D7712AD87615008957BB /* Build configuration list for PBXNativeTarget "FigmaSearchTests" */ = {
			isa = XCConfigurationList;
			buildConfigurations = (
				D8D7D7722AD87615008957BB /* Debug */,
				D8D7D7732AD87615008957BB /* Release */,
			);
			defaultConfigurationIsVisible = 0;
			defaultConfigurationName = Release;
		};
/* End XCConfigurationList section */
	};
	rootObject = D8D7D7422AD87614008957BB /* Project object */;
}
